
Microsoft Visual Studio Solution File, Format Version 12.00
# Visual Studio Version 16
VisualStudioVersion = 16.0.30611.23
MinimumVisualStudioVersion = 10.0.40219.1
Project("{2150E333-8FDC-42A3-9474-1A3956D46DE8}") = "MicroServices", "MicroServices", "{C415192C-A899-4B15-8287-EE8C2DBA5B43}"
EndProject
Project("{2150E333-8FDC-42A3-9474-1A3956D46DE8}") = "Domain", "Domain", "{390E3917-00C1-4305-9F40-2414F21BA0C4}"
EndProject
Project("{2150E333-8FDC-42A3-9474-1A3956D46DE8}") = "Infra.Bus", "Infra.Bus", "{C06C23EC-D3AB-43C9-B342-D492F506D30A}"
EndProject
Project("{2150E333-8FDC-42A3-9474-1A3956D46DE8}") = "Infra.IOC", "Infra.IOC", "{68862842-9E99-4402-9346-836A6A923420}"
EndProject
Project("{2150E333-8FDC-42A3-9474-1A3956D46DE8}") = "Presentation", "Presentation", "{657DFE68-B1C4-4FC1-BAE5-29A2F41EC443}"
EndProject
Project("{FAE04EC0-301F-11D3-BF4B-00C04F79EFBC}") = "MicroRabbit.Domain.Core", "MicroRabbit.Domain.Core\MicroRabbit.Domain.Core.csproj", "{A592D07C-1BEA-4D0D-A727-6CA5361DD9C3}"
EndProject
Global
	GlobalSection(SolutionConfigurationPlatforms) = preSolution
		Debug|Any CPU = Debug|Any CPU
		Release|Any CPU = Release|Any CPU
	EndGlobalSection
	GlobalSection(ProjectConfigurationPlatforms) = postSolution
		{A592D07C-1BEA-4D0D-A727-6CA5361DD9C3}.Debug|Any CPU.ActiveCfg = Debug|Any CPU
		{A592D07C-1BEA-4D0D-A727-6CA5361DD9C3}.Debug|Any CPU.Build.0 = Debug|Any CPU
		{A592D07C-1BEA-4D0D-A727-6CA5361DD9C3}.Release|Any CPU.ActiveCfg = Release|Any CPU
		{A592D07C-1BEA-4D0D-A727-6CA5361DD9C3}.Release|Any CPU.Build.0 = Release|Any CPU
	EndGlobalSection
	GlobalSection(SolutionProperties) = preSolution
		HideSolutionNode = FALSE
	EndGlobalSection
	GlobalSection(NestedProjects) = preSolution
		{A592D07C-1BEA-4D0D-A727-6CA5361DD9C3} = {390E3917-00C1-4305-9F40-2414F21BA0C4}
	EndGlobalSection
	GlobalSection(ExtensibilityGlobals) = postSolution
		SolutionGuid = {83D20EF8-043D-4ECE-9E39-D199D8E854AE}
	EndGlobalSection
EndGlobal
